
Microsoft Visual Studio Solution File, Format Version 12.00
# Visual Studio Version 16
VisualStudioVersion = 16.0.31613.86
MinimumVisualStudioVersion = 10.0.40219.1
Project("{8BC9CEB8-8B4A-11D0-8D11-00A0C91BC942}") = "PrintLastSum", "PrintLastSum\PrintLastSum.vcxproj", "{F9F37112-844F-4316-8D0A-B976230A5439}"
EndProject
Project("{8BC9CEB8-8B4A-11D0-8D11-00A0C91BC942}") = "EvenOrOdd", "EvenOrOdd\EvenOrOdd.vcxproj", "{A98A927B-FB77-4F32-BEC9-820D5AE2ED6E}"
EndProject
Project("{8BC9CEB8-8B4A-11D0-8D11-00A0C91BC942}") = "CelsiusToFarenheit", "CelsiusToFarenheit\CelsiusToFarenheit.vcxproj", "{33DC9CC3-78B1-44A2-92F7-4267B7BEEF94}"
EndProject
Project("{8BC9CEB8-8B4A-11D0-8D11-00A0C91BC942}") = "AbsoluteDifference", "AbsoluteDifference\AbsoluteDifference.vcxproj", "{A6F19D23-2EC4-4B94-876E-C6296B0F1D82}"
EndProject
Project("{8BC9CEB8-8B4A-11D0-8D11-00A0C91BC942}") = "GuessingGame", "GuessingGame\GuessingGame.vcxproj", "{E75BD46D-5D82-4DF7-8D7F-03D9847173B7}"
EndProject
Project("{8BC9CEB8-8B4A-11D0-8D11-00A0C91BC942}") = "Swap", "Swap\Swap.vcxproj", "{D64DEAFC-9518-45F1-A5E2-9B0E94510C11}"
EndProject
Project("{8BC9CEB8-8B4A-11D0-8D11-00A0C91BC942}") = "LinearSearch", "LinearSearch\LinearSearch.vcxproj", "{940B989C-86BF-49C1-8CCF-5D076C7AF094}"
EndProject
Project("{8BC9CEB8-8B4A-11D0-8D11-00A0C91BC942}") = "OccurencesOfCharactersInAString", "OccurencesOfCharactersInAString\OccurencesOfCharactersInAString.vcxproj", "{3F89606F-E9E7-4A91-AC4F-4F4DFBBE9FCB}"
EndProject
Project("{2150E333-8FDC-42A3-9474-1A3956D46DE8}") = "Easy", "Easy", "{02CCA802-ED4F-429E-84B4-F97189650FB7}"
EndProject
Project("{2150E333-8FDC-42A3-9474-1A3956D46DE8}") = "Intermediate and hard", "Intermediate and hard", "{F15DB905-1933-40AC-837F-4CDC7FEBFC13}"
EndProject
Project("{8BC9CEB8-8B4A-11D0-8D11-00A0C91BC942}") = "LinearSearchWord", "LinearSearchWord\LinearSearchWord.vcxproj", "{3E9B6D6C-C5AC-4AFD-94F0-ECDC880AB04D}"
EndProject
Project("{8BC9CEB8-8B4A-11D0-8D11-00A0C91BC942}") = "LuckyNumber", "LuckyNumber\LuckyNumber.vcxproj", "{5DFE8754-259D-4C04-9685-B47C2F957C7E}"
EndProject
Project("{8BC9CEB8-8B4A-11D0-8D11-00A0C91BC942}") = "ContainsDigit", "ContainsDigit\ContainsDigit.vcxproj", "{565E90A0-F77F-4770-B249-64A3EBFB635C}"
EndProject
Project("{8BC9CEB8-8B4A-11D0-8D11-00A0C91BC942}") = "CompressString", "CompressString\CompressString.vcxproj", "{EBA7E4E8-8724-4162-95E5-AA37E8F47F71}"
EndProject
Global
	GlobalSection(SolutionConfigurationPlatforms) = preSolution
		Debug|x64 = Debug|x64
		Debug|x86 = Debug|x86
		Release|x64 = Release|x64
		Release|x86 = Release|x86
	EndGlobalSection
	GlobalSection(ProjectConfigurationPlatforms) = postSolution
		{F9F37112-844F-4316-8D0A-B976230A5439}.Debug|x64.ActiveCfg = Debug|x64
		{F9F37112-844F-4316-8D0A-B976230A5439}.Debug|x64.Build.0 = Debug|x64
		{F9F37112-844F-4316-8D0A-B976230A5439}.Debug|x86.ActiveCfg = Debug|Win32
		{F9F37112-844F-4316-8D0A-B976230A5439}.Debug|x86.Build.0 = Debug|Win32
		{F9F37112-844F-4316-8D0A-B976230A5439}.Release|x64.ActiveCfg = Release|x64
		{F9F37112-844F-4316-8D0A-B976230A5439}.Release|x64.Build.0 = Release|x64
		{F9F37112-844F-4316-8D0A-B976230A5439}.Release|x86.ActiveCfg = Release|Win32
		{F9F37112-844F-4316-8D0A-B976230A5439}.Release|x86.Build.0 = Release|Win32
		{A98A927B-FB77-4F32-BEC9-820D5AE2ED6E}.Debug|x64.ActiveCfg = Debug|x64
		{A98A927B-FB77-4F32-BEC9-820D5AE2ED6E}.Debug|x64.Build.0 = Debug|x64
		{A98A927B-FB77-4F32-BEC9-820D5AE2ED6E}.Debug|x86.ActiveCfg = Debug|Win32
		{A98A927B-FB77-4F32-BEC9-820D5AE2ED6E}.Debug|x86.Build.0 = Debug|Win32
		{A98A927B-FB77-4F32-BEC9-820D5AE2ED6E}.Release|x64.ActiveCfg = Release|x64
		{A98A927B-FB77-4F32-BEC9-820D5AE2ED6E}.Release|x64.Build.0 = Release|x64
		{A98A927B-FB77-4F32-BEC9-820D5AE2ED6E}.Release|x86.ActiveCfg = Release|Win32
		{A98A927B-FB77-4F32-BEC9-820D5AE2ED6E}.Release|x86.Build.0 = Release|Win32
		{33DC9CC3-78B1-44A2-92F7-4267B7BEEF94}.Debug|x64.ActiveCfg = Debug|x64
		{33DC9CC3-78B1-44A2-92F7-4267B7BEEF94}.Debug|x64.Build.0 = Debug|x64
		{33DC9CC3-78B1-44A2-92F7-4267B7BEEF94}.Debug|x86.ActiveCfg = Debug|Win32
		{33DC9CC3-78B1-44A2-92F7-4267B7BEEF94}.Debug|x86.Build.0 = Debug|Win32
		{33DC9CC3-78B1-44A2-92F7-4267B7BEEF94}.Release|x64.ActiveCfg = Release|x64
		{33DC9CC3-78B1-44A2-92F7-4267B7BEEF94}.Release|x64.Build.0 = Release|x64
		{33DC9CC3-78B1-44A2-92F7-4267B7BEEF94}.Release|x86.ActiveCfg = Release|Win32
		{33DC9CC3-78B1-44A2-92F7-4267B7BEEF94}.Release|x86.Build.0 = Release|Win32
		{A6F19D23-2EC4-4B94-876E-C6296B0F1D82}.Debug|x64.ActiveCfg = Debug|x64
		{A6F19D23-2EC4-4B94-876E-C6296B0F1D82}.Debug|x64.Build.0 = Debug|x64
		{A6F19D23-2EC4-4B94-876E-C6296B0F1D82}.Debug|x86.ActiveCfg = Debug|Win32
		{A6F19D23-2EC4-4B94-876E-C6296B0F1D82}.Debug|x86.Build.0 = Debug|Win32
		{A6F19D23-2EC4-4B94-876E-C6296B0F1D82}.Release|x64.ActiveCfg = Release|x64
		{A6F19D23-2EC4-4B94-876E-C6296B0F1D82}.Release|x64.Build.0 = Release|x64
		{A6F19D23-2EC4-4B94-876E-C6296B0F1D82}.Release|x86.ActiveCfg = Release|Win32
		{A6F19D23-2EC4-4B94-876E-C6296B0F1D82}.Release|x86.Build.0 = Release|Win32
		{E75BD46D-5D82-4DF7-8D7F-03D9847173B7}.Debug|x64.ActiveCfg = Debug|x64
		{E75BD46D-5D82-4DF7-8D7F-03D9847173B7}.Debug|x64.Build.0 = Debug|x64
		{E75BD46D-5D82-4DF7-8D7F-03D9847173B7}.Debug|x86.ActiveCfg = Debug|Win32
		{E75BD46D-5D82-4DF7-8D7F-03D9847173B7}.Debug|x86.Build.0 = Debug|Win32
		{E75BD46D-5D82-4DF7-8D7F-03D9847173B7}.Release|x64.ActiveCfg = Release|x64
		{E75BD46D-5D82-4DF7-8D7F-03D9847173B7}.Release|x64.Build.0 = Release|x64
		{E75BD46D-5D82-4DF7-8D7F-03D9847173B7}.Release|x86.ActiveCfg = Release|Win32
		{E75BD46D-5D82-4DF7-8D7F-03D9847173B7}.Release|x86.Build.0 = Release|Win32
		{D64DEAFC-9518-45F1-A5E2-9B0E94510C11}.Debug|x64.ActiveCfg = Debug|x64
		{D64DEAFC-9518-45F1-A5E2-9B0E94510C11}.Debug|x64.Build.0 = Debug|x64
		{D64DEAFC-9518-45F1-A5E2-9B0E94510C11}.Debug|x86.ActiveCfg = Debug|Win32
		{D64DEAFC-9518-45F1-A5E2-9B0E94510C11}.Debug|x86.Build.0 = Debug|Win32
		{D64DEAFC-9518-45F1-A5E2-9B0E94510C11}.Release|x64.ActiveCfg = Release|x64
		{D64DEAFC-9518-45F1-A5E2-9B0E94510C11}.Release|x64.Build.0 = Release|x64
		{D64DEAFC-9518-45F1-A5E2-9B0E94510C11}.Release|x86.ActiveCfg = Release|Win32
		{D64DEAFC-9518-45F1-A5E2-9B0E94510C11}.Release|x86.Build.0 = Release|Win32
		{940B989C-86BF-49C1-8CCF-5D076C7AF094}.Debug|x64.ActiveCfg = Debug|x64
		{940B989C-86BF-49C1-8CCF-5D076C7AF094}.Debug|x64.Build.0 = Debug|x64
		{940B989C-86BF-49C1-8CCF-5D076C7AF094}.Debug|x86.ActiveCfg = Debug|Win32
		{940B989C-86BF-49C1-8CCF-5D076C7AF094}.Debug|x86.Build.0 = Debug|Win32
		{940B989C-86BF-49C1-8CCF-5D076C7AF094}.Release|x64.ActiveCfg = Release|x64
		{940B989C-86BF-49C1-8CCF-5D076C7AF094}.Release|x64.Build.0 = Release|x64
		{940B989C-86BF-49C1-8CCF-5D076C7AF094}.Release|x86.ActiveCfg = Release|Win32
		{940B989C-86BF-49C1-8CCF-5D076C7AF094}.Release|x86.Build.0 = Release|Win32
		{3F89606F-E9E7-4A91-AC4F-4F4DFBBE9FCB}.Debug|x64.ActiveCfg = Debug|x64
		{3F89606F-E9E7-4A91-AC4F-4F4DFBBE9FCB}.Debug|x64.Build.0 = Debug|x64
		{3F89606F-E9E7-4A91-AC4F-4F4DFBBE9FCB}.Debug|x86.ActiveCfg = Debug|Win32
		{3F89606F-E9E7-4A91-AC4F-4F4DFBBE9FCB}.Debug|x86.Build.0 = Debug|Win32
		{3F89606F-E9E7-4A91-AC4F-4F4DFBBE9FCB}.Release|x64.ActiveCfg = Release|x64
		{3F89606F-E9E7-4A91-AC4F-4F4DFBBE9FCB}.Release|x64.Build.0 = Release|x64
		{3F89606F-E9E7-4A91-AC4F-4F4DFBBE9FCB}.Release|x86.ActiveCfg = Release|Win32
		{3F89606F-E9E7-4A91-AC4F-4F4DFBBE9FCB}.Release|x86.Build.0 = Release|Win32
		{3E9B6D6C-C5AC-4AFD-94F0-ECDC880AB04D}.Debug|x64.ActiveCfg = Debug|x64
		{3E9B6D6C-C5AC-4AFD-94F0-ECDC880AB04D}.Debug|x64.Build.0 = Debug|x64
		{3E9B6D6C-C5AC-4AFD-94F0-ECDC880AB04D}.Debug|x86.ActiveCfg = Debug|Win32
		{3E9B6D6C-C5AC-4AFD-94F0-ECDC880AB04D}.Debug|x86.Build.0 = Debug|Win32
		{3E9B6D6C-C5AC-4AFD-94F0-ECDC880AB04D}.Release|x64.ActiveCfg = Release|x64
		{3E9B6D6C-C5AC-4AFD-94F0-ECDC880AB04D}.Release|x64.Build.0 = Release|x64
		{3E9B6D6C-C5AC-4AFD-94F0-ECDC880AB04D}.Release|x86.ActiveCfg = Release|Win32
		{3E9B6D6C-C5AC-4AFD-94F0-ECDC880AB04D}.Release|x86.Build.0 = Release|Win32
		{5DFE8754-259D-4C04-9685-B47C2F957C7E}.Debug|x64.ActiveCfg = Debug|x64
		{5DFE8754-259D-4C04-9685-B47C2F957C7E}.Debug|x64.Build.0 = Debug|x64
		{5DFE8754-259D-4C04-9685-B47C2F957C7E}.Debug|x86.ActiveCfg = Debug|Win32
		{5DFE8754-259D-4C04-9685-B47C2F957C7E}.Debug|x86.Build.0 = Debug|Win32
		{5DFE8754-259D-4C04-9685-B47C2F957C7E}.Release|x64.ActiveCfg = Release|x64
		{5DFE8754-259D-4C04-9685-B47C2F957C7E}.Release|x64.Build.0 = Release|x64
		{5DFE8754-259D-4C04-9685-B47C2F957C7E}.Release|x86.ActiveCfg = Release|Win32
		{5DFE8754-259D-4C04-9685-B47C2F957C7E}.Release|x86.Build.0 = Release|Win32
		{565E90A0-F77F-4770-B249-64A3EBFB635C}.Debug|x64.ActiveCfg = Debug|x64
		{565E90A0-F77F-4770-B249-64A3EBFB635C}.Debug|x64.Build.0 = Debug|x64
		{565E90A0-F77F-4770-B249-64A3EBFB635C}.Debug|x86.ActiveCfg = Debug|Win32
		{565E90A0-F77F-4770-B249-64A3EBFB635C}.Debug|x86.Build.0 = Debug|Win32
		{565E90A0-F77F-4770-B249-64A3EBFB635C}.Release|x64.ActiveCfg = Release|x64
		{565E90A0-F77F-4770-B249-64A3EBFB635C}.Release|x64.Build.0 = Release|x64
		{565E90A0-F77F-4770-B249-64A3EBFB635C}.Release|x86.ActiveCfg = Release|Win32
		{565E90A0-F77F-4770-B249-64A3EBFB635C}.Release|x86.Build.0 = Release|Win32
		{EBA7E4E8-8724-4162-95E5-AA37E8F47F71}.Debug|x64.ActiveCfg = Debug|x64
		{EBA7E4E8-8724-4162-95E5-AA37E8F47F71}.Debug|x64.Build.0 = Debug|x64
		{EBA7E4E8-8724-4162-95E5-AA37E8F47F71}.Debug|x86.ActiveCfg = Debug|Win32
		{EBA7E4E8-8724-4162-95E5-AA37E8F47F71}.Debug|x86.Build.0 = Debug|Win32
		{EBA7E4E8-8724-4162-95E5-AA37E8F47F71}.Release|x64.ActiveCfg = Release|x64
		{EBA7E4E8-8724-4162-95E5-AA37E8F47F71}.Release|x64.Build.0 = Release|x64
		{EBA7E4E8-8724-4162-95E5-AA37E8F47F71}.Release|x86.ActiveCfg = Release|Win32
		{EBA7E4E8-8724-4162-95E5-AA37E8F47F71}.Release|x86.Build.0 = Release|Win32
	EndGlobalSection
	GlobalSection(SolutionProperties) = preSolution
		HideSolutionNode = FALSE
	EndGlobalSection
	GlobalSection(NestedProjects) = preSolution
		{F9F37112-844F-4316-8D0A-B976230A5439} = {02CCA802-ED4F-429E-84B4-F97189650FB7}
		{A98A927B-FB77-4F32-BEC9-820D5AE2ED6E} = {02CCA802-ED4F-429E-84B4-F97189650FB7}
		{33DC9CC3-78B1-44A2-92F7-4267B7BEEF94} = {02CCA802-ED4F-429E-84B4-F97189650FB7}
		{A6F19D23-2EC4-4B94-876E-C6296B0F1D82} = {02CCA802-ED4F-429E-84B4-F97189650FB7}
		{E75BD46D-5D82-4DF7-8D7F-03D9847173B7} = {02CCA802-ED4F-429E-84B4-F97189650FB7}
		{D64DEAFC-9518-45F1-A5E2-9B0E94510C11} = {02CCA802-ED4F-429E-84B4-F97189650FB7}
		{940B989C-86BF-49C1-8CCF-5D076C7AF094} = {02CCA802-ED4F-429E-84B4-F97189650FB7}
		{3F89606F-E9E7-4A91-AC4F-4F4DFBBE9FCB} = {F15DB905-1933-40AC-837F-4CDC7FEBFC13}
		{3E9B6D6C-C5AC-4AFD-94F0-ECDC880AB04D} = {F15DB905-1933-40AC-837F-4CDC7FEBFC13}
		{5DFE8754-259D-4C04-9685-B47C2F957C7E} = {F15DB905-1933-40AC-837F-4CDC7FEBFC13}
		{565E90A0-F77F-4770-B249-64A3EBFB635C} = {F15DB905-1933-40AC-837F-4CDC7FEBFC13}
		{EBA7E4E8-8724-4162-95E5-AA37E8F47F71} = {F15DB905-1933-40AC-837F-4CDC7FEBFC13}
	EndGlobalSection
	GlobalSection(ExtensibilityGlobals) = postSolution
		SolutionGuid = {F0BC4670-E35D-4123-BAE2-186BEEF18FCA}
	EndGlobalSection
EndGlobal
